
Microsoft Visual Studio Solution File, Format Version 12.00
# Visual Studio Version 17
VisualStudioVersion = 17.5.33424.131
MinimumVisualStudioVersion = 10.0.40219.1
Project("{FAE04EC0-301F-11D3-BF4B-00C04F79EFBC}") = "Term_Project_Lebed_2023", "Term_Project_Lebed_2023\Term_Project_Lebed_2023.csproj", "{FD66FDB1-952B-4D15-9789-BE3C5AE92927}"
EndProject
Global
	GlobalSection(SolutionConfigurationPlatforms) = preSolution
		Debug|Any CPU = Debug|Any CPU
		Release|Any CPU = Release|Any CPU
	EndGlobalSection
	GlobalSection(ProjectConfigurationPlatforms) = postSolution
		{FD66FDB1-952B-4D15-9789-BE3C5AE92927}.Debug|Any CPU.ActiveCfg = Debug|Any CPU
		{FD66FDB1-952B-4D15-9789-BE3C5AE92927}.Debug|Any CPU.Build.0 = Debug|Any CPU
		{FD66FDB1-952B-4D15-9789-BE3C5AE92927}.Release|Any CPU.ActiveCfg = Release|Any CPU
		{FD66FDB1-952B-4D15-9789-BE3C5AE92927}.Release|Any CPU.Build.0 = Release|Any CPU
	EndGlobalSection
	GlobalSection(SolutionProperties) = preSolution
		HideSolutionNode = FALSE
	EndGlobalSection
	GlobalSection(ExtensibilityGlobals) = postSolution
		SolutionGuid = {0DC35C30-9EB6-4330-A153-3872543239F0}
	EndGlobalSection
EndGlobal
